Microsoft Visual Studio Solution File, Format Version 12.00
# Visual Studio 15
VisualStudioVersion = 15.0.26730.10
MinimumVisualStudioVersion = 10.0.40219.1
Project("{FAE04EC0-301F-11D3-BF4B-00C04F79EFBC}") = "NewsPortal.DAL", "NewsPortal.DAL\NewsPortal.DAL.csproj", "{20B31CD6-ADCE-4ADE-82FE-F80282E4A659}"
EndProject
Project("{FAE04EC0-301F-11D3-BF4B-00C04F79EFBC}") = "NewsPortal.BLL", "NewsPortal.BLL\NewsPortal.BLL.csproj", "{7E60AAFD-7411-4E75-B72B-4C7C6302BE43}"
EndProject
Project("{FAE04EC0-301F-11D3-BF4B-00C04F79EFBC}") = "NewsPortal.Web", "NewsPortal.Web\NewsPortal.Web.csproj", "{FE149681-899E-4461-BA64-E4A1EAAF18A4}"
EndProject
Project("{FAE04EC0-301F-11D3-BF4B-00C04F79EFBC}") = "NewsPortal.WebUI", "NewsPortal.WebUI\NewsPortal.WebUI.csproj", "{34D9C65E-87B6-4AAD-844A-80E501BFB47C}"
EndProject
Project("{FAE04EC0-301F-11D3-BF4B-00C04F79EFBC}") = "NewsPortal.MSSQLtoElastic", "NewsPortal.MSSQLtoElastic\NewsPortal.MSSQLtoElastic.csproj", "{47593F5D-1FE0-42E3-B90E-185D080A98F1}"
EndProject
Project("{FAE04EC0-301F-11D3-BF4B-00C04F79EFBC}") = "NewsPortal.NewsFeeder", "NewsPortal.NewsFeeder\NewsPortal.NewsFeeder.csproj", "{8B28E6E7-98EB-48E6-9CEC-330FB996F752}"
EndProject
Project("{FAE04EC0-301F-11D3-BF4B-00C04F79EFBC}") = "NewsPortal.Tests", "NewsPortal.Tests\NewsPortal.Tests.csproj", "{3365F0CC-17F7-4FCB-8F20-89A2054932A2}"
EndProject
Project("{FAE04EC0-301F-11D3-BF4B-00C04F79EFBC}") = "NewsPortal.EndPointUpdateElastic", "NewsPortal.EndPointUpdateElastic\NewsPortal.EndPointUpdateElastic.csproj", "{9E3803DA-4127-403E-8031-E7A31D8166D2}"
EndProject
Project("{FAE04EC0-301F-11D3-BF4B-00C04F79EFBC}") = "NewsPortal.MessagesNewsToElastic", "NewsPortal.MessagesNewsToElastic\NewsPortal.MessagesNewsToElastic.csproj", "{95177620-DC80-4195-BCD8-CDFD24FDB46D}"
EndProject
Global
	GlobalSection(SolutionConfigurationPlatforms) = preSolution
		Debug|Any CPU = Debug|Any CPU
		Debug|ARM = Debug|ARM
		Debug|x64 = Debug|x64
		Debug|x86 = Debug|x86
		Release|Any CPU = Release|Any CPU
		Release|ARM = Release|ARM
		Release|x64 = Release|x64
		Release|x86 = Release|x86
	EndGlobalSection
	GlobalSection(ProjectConfigurationPlatforms) = postSolution
		{20B31CD6-ADCE-4ADE-82FE-F80282E4A659}.Debug|Any CPU.ActiveCfg = Debug|Any CPU
		{20B31CD6-ADCE-4ADE-82FE-F80282E4A659}.Debug|Any CPU.Build.0 = Debug|Any CPU
		{20B31CD6-ADCE-4ADE-82FE-F80282E4A659}.Debug|ARM.ActiveCfg = Debug|Any CPU
		{20B31CD6-ADCE-4ADE-82FE-F80282E4A659}.Debug|ARM.Build.0 = Debug|Any CPU
		{20B31CD6-ADCE-4ADE-82FE-F80282E4A659}.Debug|x64.ActiveCfg = Debug|Any CPU
		{20B31CD6-ADCE-4ADE-82FE-F80282E4A659}.Debug|x64.Build.0 = Debug|Any CPU
		{20B31CD6-ADCE-4ADE-82FE-F80282E4A659}.Debug|x86.ActiveCfg = Debug|Any CPU
		{20B31CD6-ADCE-4ADE-82FE-F80282E4A659}.Debug|x86.Build.0 = Debug|Any CPU
		{20B31CD6-ADCE-4ADE-82FE-F80282E4A659}.Release|Any CPU.ActiveCfg = Release|Any CPU
		{20B31CD6-ADCE-4ADE-82FE-F80282E4A659}.Release|Any CPU.Build.0 = Release|Any CPU
		{20B31CD6-ADCE-4ADE-82FE-F80282E4A659}.Release|ARM.ActiveCfg = Release|Any CPU
		{20B31CD6-ADCE-4ADE-82FE-F80282E4A659}.Release|ARM.Build.0 = Release|Any CPU
		{20B31CD6-ADCE-4ADE-82FE-F80282E4A659}.Release|x64.ActiveCfg = Release|Any CPU
		{20B31CD6-ADCE-4ADE-82FE-F80282E4A659}.Release|x64.Build.0 = Release|Any CPU
		{20B31CD6-ADCE-4ADE-82FE-F80282E4A659}.Release|x86.ActiveCfg = Release|Any CPU
		{20B31CD6-ADCE-4ADE-82FE-F80282E4A659}.Release|x86.Build.0 = Release|Any CPU
		{7E60AAFD-7411-4E75-B72B-4C7C6302BE43}.Debug|Any CPU.ActiveCfg = Debug|Any CPU
		{7E60AAFD-7411-4E75-B72B-4C7C6302BE43}.Debug|Any CPU.Build.0 = Debug|Any CPU
		{7E60AAFD-7411-4E75-B72B-4C7C6302BE43}.Debug|ARM.ActiveCfg = Debug|Any CPU
		{7E60AAFD-7411-4E75-B72B-4C7C6302BE43}.Debug|ARM.Build.0 = Debug|Any CPU
		{7E60AAFD-7411-4E75-B72B-4C7C6302BE43}.Debug|x64.ActiveCfg = Debug|Any CPU
		{7E60AAFD-7411-4E75-B72B-4C7C6302BE43}.Debug|x64.Build.0 = Debug|Any CPU
		{7E60AAFD-7411-4E75-B72B-4C7C6302BE43}.Debug|x86.ActiveCfg = Debug|Any CPU
		{7E60AAFD-7411-4E75-B72B-4C7C6302BE43}.Debug|x86.Build.0 = Debug|Any CPU
		{7E60AAFD-7411-4E75-B72B-4C7C6302BE43}.Release|Any CPU.ActiveCfg = Release|Any CPU
		{7E60AAFD-7411-4E75-B72B-4C7C6302BE43}.Release|Any CPU.Build.0 = Release|Any CPU
		{7E60AAFD-7411-4E75-B72B-4C7C6302BE43}.Release|ARM.ActiveCfg = Release|Any CPU
		{7E60AAFD-7411-4E75-B72B-4C7C6302BE43}.Release|ARM.Build.0 = Release|Any CPU
		{7E60AAFD-7411-4E75-B72B-4C7C6302BE43}.Release|x64.ActiveCfg = Release|Any CPU
		{7E60AAFD-7411-4E75-B72B-4C7C6302BE43}.Release|x64.Build.0 = Release|Any CPU
		{7E60AAFD-7411-4E75-B72B-4C7C6302BE43}.Release|x86.ActiveCfg = Release|Any CPU
		{7E60AAFD-7411-4E75-B72B-4C7C6302BE43}.Release|x86.Build.0 = Release|Any CPU
		{FE149681-899E-4461-BA64-E4A1EAAF18A4}.Debug|Any CPU.ActiveCfg = Debug|Any CPU
		{FE149681-899E-4461-BA64-E4A1EAAF18A4}.Debug|Any CPU.Build.0 = Debug|Any CPU
		{FE149681-899E-4461-BA64-E4A1EAAF18A4}.Debug|ARM.ActiveCfg = Debug|Any CPU
		{FE149681-899E-4461-BA64-E4A1EAAF18A4}.Debug|ARM.Build.0 = Debug|Any CPU
		{FE149681-899E-4461-BA64-E4A1EAAF18A4}.Debug|x64.ActiveCfg = Debug|Any CPU
		{FE149681-899E-4461-BA64-E4A1EAAF18A4}.Debug|x64.Build.0 = Debug|Any CPU
		{FE149681-899E-4461-BA64-E4A1EAAF18A4}.Debug|x86.ActiveCfg = Debug|Any CPU
		{FE149681-899E-4461-BA64-E4A1EAAF18A4}.Debug|x86.Build.0 = Debug|Any CPU
		{FE149681-899E-4461-BA64-E4A1EAAF18A4}.Release|Any CPU.ActiveCfg = Release|Any CPU
		{FE149681-899E-4461-BA64-E4A1EAAF18A4}.Release|Any CPU.Build.0 = Release|Any CPU
		{FE149681-899E-4461-BA64-E4A1EAAF18A4}.Release|ARM.ActiveCfg = Release|Any CPU
		{FE149681-899E-4461-BA64-E4A1EAAF18A4}.Release|ARM.Build.0 = Release|Any CPU
		{FE149681-899E-4461-BA64-E4A1EAAF18A4}.Release|x64.ActiveCfg = Release|Any CPU
		{FE149681-899E-4461-BA64-E4A1EAAF18A4}.Release|x64.Build.0 = Release|Any CPU
		{FE149681-899E-4461-BA64-E4A1EAAF18A4}.Release|x86.ActiveCfg = Release|Any CPU
		{FE149681-899E-4461-BA64-E4A1EAAF18A4}.Release|x86.Build.0 = Release|Any CPU
		{34D9C65E-87B6-4AAD-844A-80E501BFB47C}.Debug|Any CPU.ActiveCfg = Debug|Any CPU
		{34D9C65E-87B6-4AAD-844A-80E501BFB47C}.Debug|Any CPU.Build.0 = Debug|Any CPU
		{34D9C65E-87B6-4AAD-844A-80E501BFB47C}.Debug|ARM.ActiveCfg = Debug|Any CPU
		{34D9C65E-87B6-4AAD-844A-80E501BFB47C}.Debug|ARM.Build.0 = Debug|Any CPU
		{34D9C65E-87B6-4AAD-844A-80E501BFB47C}.Debug|x64.ActiveCfg = Debug|Any CPU
		{34D9C65E-87B6-4AAD-844A-80E501BFB47C}.Debug|x64.Build.0 = Debug|Any CPU
		{34D9C65E-87B6-4AAD-844A-80E501BFB47C}.Debug|x86.ActiveCfg = Debug|Any CPU
		{34D9C65E-87B6-4AAD-844A-80E501BFB47C}.Debug|x86.Build.0 = Debug|Any CPU
		{34D9C65E-87B6-4AAD-844A-80E501BFB47C}.Release|Any CPU.ActiveCfg = Release|Any CPU
		{34D9C65E-87B6-4AAD-844A-80E501BFB47C}.Release|Any CPU.Build.0 = Release|Any CPU
		{34D9C65E-87B6-4AAD-844A-80E501BFB47C}.Release|ARM.ActiveCfg = Release|Any CPU
		{34D9C65E-87B6-4AAD-844A-80E501BFB47C}.Release|ARM.Build.0 = Release|Any CPU
		{34D9C65E-87B6-4AAD-844A-80E501BFB47C}.Release|x64.ActiveCfg = Release|Any CPU
		{34D9C65E-87B6-4AAD-844A-80E501BFB47C}.Release|x64.Build.0 = Release|Any CPU
		{34D9C65E-87B6-4AAD-844A-80E501BFB47C}.Release|x86.ActiveCfg = Release|Any CPU
		{34D9C65E-87B6-4AAD-844A-80E501BFB47C}.Release|x86.Build.0 = Release|Any CPU
		{47593F5D-1FE0-42E3-B90E-185D080A98F1}.Debug|Any CPU.ActiveCfg = Debug|Any CPU
		{47593F5D-1FE0-42E3-B90E-185D080A98F1}.Debug|Any CPU.Build.0 = Debug|Any CPU
		{47593F5D-1FE0-42E3-B90E-185D080A98F1}.Debug|ARM.ActiveCfg = Debug|Any CPU
		{47593F5D-1FE0-42E3-B90E-185D080A98F1}.Debug|ARM.Build.0 = Debug|Any CPU
		{47593F5D-1FE0-42E3-B90E-185D080A98F1}.Debug|x64.ActiveCfg = Debug|Any CPU
		{47593F5D-1FE0-42E3-B90E-185D080A98F1}.Debug|x64.Build.0 = Debug|Any CPU
		{47593F5D-1FE0-42E3-B90E-185D080A98F1}.Debug|x86.ActiveCfg = Debug|Any CPU
		{47593F5D-1FE0-42E3-B90E-185D080A98F1}.Debug|x86.Build.0 = Debug|Any CPU
		{47593F5D-1FE0-42E3-B90E-185D080A98F1}.Release|Any CPU.ActiveCfg = Release|Any CPU
		{47593F5D-1FE0-42E3-B90E-185D080A98F1}.Release|Any CPU.Build.0 = Release|Any CPU
		{47593F5D-1FE0-42E3-B90E-185D080A98F1}.Release|ARM.ActiveCfg = Release|Any CPU
		{47593F5D-1FE0-42E3-B90E-185D080A98F1}.Release|ARM.Build.0 = Release|Any CPU
		{47593F5D-1FE0-42E3-B90E-185D080A98F1}.Release|x64.ActiveCfg = Release|Any CPU
		{47593F5D-1FE0-42E3-B90E-185D080A98F1}.Release|x64.Build.0 = Release|Any CPU
		{47593F5D-1FE0-42E3-B90E-185D080A98F1}.Release|x86.ActiveCfg = Release|Any CPU
		{47593F5D-1FE0-42E3-B90E-185D080A98F1}.Release|x86.Build.0 = Release|Any CPU
		{8B28E6E7-98EB-48E6-9CEC-330FB996F752}.Debug|Any CPU.ActiveCfg = Debug|Any CPU
		{8B28E6E7-98EB-48E6-9CEC-330FB996F752}.Debug|Any CPU.Build.0 = Debug|Any CPU
		{8B28E6E7-98EB-48E6-9CEC-330FB996F752}.Debug|ARM.ActiveCfg = Debug|Any CPU
		{8B28E6E7-98EB-48E6-9CEC-330FB996F752}.Debug|ARM.Build.0 = Debug|Any CPU
		{8B28E6E7-98EB-48E6-9CEC-330FB996F752}.Debug|x64.ActiveCfg = Debug|Any CPU
		{8B28E6E7-98EB-48E6-9CEC-330FB996F752}.Debug|x64.Build.0 = Debug|Any CPU
		{8B28E6E7-98EB-48E6-9CEC-330FB996F752}.Debug|x86.ActiveCfg = Debug|Any CPU
		{8B28E6E7-98EB-48E6-9CEC-330FB996F752}.Debug|x86.Build.0 = Debug|Any CPU
		{8B28E6E7-98EB-48E6-9CEC-330FB996F752}.Release|Any CPU.ActiveCfg = Release|Any CPU
		{8B28E6E7-98EB-48E6-9CEC-330FB996F752}.Release|Any CPU.Build.0 = Release|Any CPU
		{8B28E6E7-98EB-48E6-9CEC-330FB996F752}.Release|ARM.ActiveCfg = Release|Any CPU
		{8B28E6E7-98EB-48E6-9CEC-330FB996F752}.Release|ARM.Build.0 = Release|Any CPU
		{8B28E6E7-98EB-48E6-9CEC-330FB996F752}.Release|x64.ActiveCfg = Release|Any CPU
		{8B28E6E7-98EB-48E6-9CEC-330FB996F752}.Release|x64.Build.0 = Release|Any CPU
		{8B28E6E7-98EB-48E6-9CEC-330FB996F752}.Release|x86.ActiveCfg = Release|Any CPU
		{8B28E6E7-98EB-48E6-9CEC-330FB996F752}.Release|x86.Build.0 = Release|Any CPU
		{3365F0CC-17F7-4FCB-8F20-89A2054932A2}.Debug|Any CPU.ActiveCfg = Debug|Any CPU
		{3365F0CC-17F7-4FCB-8F20-89A2054932A2}.Debug|Any CPU.Build.0 = Debug|Any CPU
		{3365F0CC-17F7-4FCB-8F20-89A2054932A2}.Debug|ARM.ActiveCfg = Debug|Any CPU
		{3365F0CC-17F7-4FCB-8F20-89A2054932A2}.Debug|ARM.Build.0 = Debug|Any CPU
		{3365F0CC-17F7-4FCB-8F20-89A2054932A2}.Debug|x64.ActiveCfg = Debug|Any CPU
		{3365F0CC-17F7-4FCB-8F20-89A2054932A2}.Debug|x64.Build.0 = Debug|Any CPU
		{3365F0CC-17F7-4FCB-8F20-89A2054932A2}.Debug|x86.ActiveCfg = Debug|Any CPU
		{3365F0CC-17F7-4FCB-8F20-89A2054932A2}.Debug|x86.Build.0 = Debug|Any CPU
		{3365F0CC-17F7-4FCB-8F20-89A2054932A2}.Release|Any CPU.ActiveCfg = Release|Any CPU
		{3365F0CC-17F7-4FCB-8F20-89A2054932A2}.Release|Any CPU.Build.0 = Release|Any CPU
		{3365F0CC-17F7-4FCB-8F20-89A2054932A2}.Release|ARM.ActiveCfg = Release|Any CPU
		{3365F0CC-17F7-4FCB-8F20-89A2054932A2}.Release|ARM.Build.0 = Release|Any CPU
		{3365F0CC-17F7-4FCB-8F20-89A2054932A2}.Release|x64.ActiveCfg = Release|Any CPU
		{3365F0CC-17F7-4FCB-8F20-89A2054932A2}.Release|x64.Build.0 = Release|Any CPU
		{3365F0CC-17F7-4FCB-8F20-89A2054932A2}.Release|x86.ActiveCfg = Release|Any CPU
		{3365F0CC-17F7-4FCB-8F20-89A2054932A2}.Release|x86.Build.0 = Release|Any CPU
		{9E3803DA-4127-403E-8031-E7A31D8166D2}.Debug|Any CPU.ActiveCfg = Debug|Any CPU
		{9E3803DA-4127-403E-8031-E7A31D8166D2}.Debug|Any CPU.Build.0 = Debug|Any CPU
		{9E3803DA-4127-403E-8031-E7A31D8166D2}.Debug|ARM.ActiveCfg = Debug|Any CPU
		{9E3803DA-4127-403E-8031-E7A31D8166D2}.Debug|ARM.Build.0 = Debug|Any CPU
		{9E3803DA-4127-403E-8031-E7A31D8166D2}.Debug|x64.ActiveCfg = Debug|Any CPU
		{9E3803DA-4127-403E-8031-E7A31D8166D2}.Debug|x64.Build.0 = Debug|Any CPU
		{9E3803DA-4127-403E-8031-E7A31D8166D2}.Debug|x86.ActiveCfg = Debug|Any CPU
		{9E3803DA-4127-403E-8031-E7A31D8166D2}.Debug|x86.Build.0 = Debug|Any CPU
		{9E3803DA-4127-403E-8031-E7A31D8166D2}.Release|Any CPU.ActiveCfg = Release|Any CPU
		{9E3803DA-4127-403E-8031-E7A31D8166D2}.Release|Any CPU.Build.0 = Release|Any CPU
		{9E3803DA-4127-403E-8031-E7A31D8166D2}.Release|ARM.ActiveCfg = Release|Any CPU
		{9E3803DA-4127-403E-8031-E7A31D8166D2}.Release|ARM.Build.0 = Release|Any CPU
		{9E3803DA-4127-403E-8031-E7A31D8166D2}.Release|x64.ActiveCfg = Release|Any CPU
		{9E3803DA-4127-403E-8031-E7A31D8166D2}.Release|x64.Build.0 = Release|Any CPU
		{9E3803DA-4127-403E-8031-E7A31D8166D2}.Release|x86.ActiveCfg = Release|Any CPU
		{9E3803DA-4127-403E-8031-E7A31D8166D2}.Release|x86.Build.0 = Release|Any CPU
		{95177620-DC80-4195-BCD8-CDFD24FDB46D}.Debug|Any CPU.ActiveCfg = Debug|Any CPU
		{95177620-DC80-4195-BCD8-CDFD24FDB46D}.Debug|Any CPU.Build.0 = Debug|Any CPU
		{95177620-DC80-4195-BCD8-CDFD24FDB46D}.Debug|ARM.ActiveCfg = Debug|Any CPU
		{95177620-DC80-4195-BCD8-CDFD24FDB46D}.Debug|ARM.Build.0 = Debug|Any CPU
		{95177620-DC80-4195-BCD8-CDFD24FDB46D}.Debug|x64.ActiveCfg = Debug|Any CPU
		{95177620-DC80-4195-BCD8-CDFD24FDB46D}.Debug|x64.Build.0 = Debug|Any CPU
		{95177620-DC80-4195-BCD8-CDFD24FDB46D}.Debug|x86.ActiveCfg = Debug|Any CPU
		{95177620-DC80-4195-BCD8-CDFD24FDB46D}.Debug|x86.Build.0 = Debug|Any CPU
		{95177620-DC80-4195-BCD8-CDFD24FDB46D}.Release|Any CPU.ActiveCfg = Release|Any CPU
		{95177620-DC80-4195-BCD8-CDFD24FDB46D}.Release|Any CPU.Build.0 = Release|Any CPU
		{95177620-DC80-4195-BCD8-CDFD24FDB46D}.Release|ARM.ActiveCfg = Release|Any CPU
		{95177620-DC80-4195-BCD8-CDFD24FDB46D}.Release|ARM.Build.0 = Release|Any CPU
		{95177620-DC80-4195-BCD8-CDFD24FDB46D}.Release|x64.ActiveCfg = Release|Any CPU
		{95177620-DC80-4195-BCD8-CDFD24FDB46D}.Release|x64.Build.0 = Release|Any CPU
		{95177620-DC80-4195-BCD8-CDFD24FDB46D}.Release|x86.ActiveCfg = Release|Any CPU
		{95177620-DC80-4195-BCD8-CDFD24FDB46D}.Release|x86.Build.0 = Release|Any CPU
	EndGlobalSection
	GlobalSection(SolutionProperties) = preSolution
		HideSolutionNode = FALSE
	EndGlobalSection
	GlobalSection(ExtensibilityGlobals) = postSolution
		SolutionGuid = {38CCBF3E-7882-49EB-ADB6-8A849D4256EF}
	EndGlobalSection
EndGlobal
